// !$*UTF8*$!
{
	archiveVersion = 1;
	classes = {
	};
	objectVersion = 55;
	objects = {

/* Begin PBXBuildFile section */
		F84F68122A5C105000D2F650 /* AppDelegate.swift in Sources */ = {isa = PBXBuildFile; fileRef = F84F68112A5C105000D2F650 /* AppDelegate.swift */; };
		F84F68142A5C105000D2F650 /* SceneDelegate.swift in Sources */ = {isa = PBXBuildFile; fileRef = F84F68132A5C105000D2F650 /* SceneDelegate.swift */; };
		F84F68162A5C105000D2F650 /* ViewController.swift in Sources */ = {isa = PBXBuildFile; fileRef = F84F68152A5C105000D2F650 /* ViewController.swift */; };
		F84F68192A5C105000D2F650 /* Main.storyboard in Resources */ = {isa = PBXBuildFile; fileRef = F84F68172A5C105000D2F650 /* Main.storyboard */; };
		F84F681B2A5C105100D2F650 /* Assets.xcassets in Resources */ = {isa = PBXBuildFile; fileRef = F84F681A2A5C105100D2F650 /* Assets.xcassets */; };
		F84F681E2A5C105100D2F650 /* LaunchScreen.storyboard in Resources */ = {isa = PBXBuildFile; fileRef = F84F681C2A5C105100D2F650 /* LaunchScreen.storyboard */; };
		F89EAB0D2A5C60E700E8642C /* WelcomeViewController.swift in Sources */ = {isa = PBXBuildFile; fileRef = F89EAB0C2A5C60E700E8642C /* WelcomeViewController.swift */; };
		F89EAB0F2A5C67EC00E8642C /* alert.swift in Sources */ = {isa = PBXBuildFile; fileRef = F89EAB0E2A5C67EC00E8642C /* alert.swift */; };
		F89EAB142A5D0CA000E8642C /* updateTextField.swift in Sources */ = {isa = PBXBuildFile; fileRef = F89EAB132A5D0CA000E8642C /* updateTextField.swift */; };
/* End PBXBuildFile section */

/* Begin PBXFileReference section */
		F84F680E2A5C105000D2F650 /* LogInDesign.app */ = {isa = PBXFileReference; explicitFileType = wrapper.application; includeInIndex = 0; path = LogInDesign.app; sourceTree = BUILT_PRODUCTS_DIR; };
		F84F68112A5C105000D2F650 /* AppDelegate.swift */ = {isa = PBXFileReference; lastKnownFileType = sourcecode.swift; path = AppDelegate.swift; sourceTree = "<group>"; };
		F84F68132A5C105000D2F650 /* SceneDelegate.swift */ = {isa = PBXFileReference; lastKnownFileType = sourcecode.swift; path = SceneDelegate.swift; sourceTree = "<group>"; };
		F84F68152A5C105000D2F650 /* ViewController.swift */ = {isa = PBXFileReference; lastKnownFileType = sourcecode.swift; path = ViewController.swift; sourceTree = "<group>"; };
		F84F68182A5C105000D2F650 /* Base */ = {isa = PBXFileReference; lastKnownFileType = file.storyboard; name = Base; path = Base.lproj/Main.storyboard; sourceTree = "<group>"; };
		F84F681A2A5C105100D2F650 /* Assets.xcassets */ = {isa = PBXFileReference; lastKnownFileType = folder.assetcatalog; path = Assets.xcassets; sourceTree = "<group>"; };
		F84F681D2A5C105100D2F650 /* Base */ = {isa = PBXFileReference; lastKnownFileType = file.storyboard; name = Base; path = Base.lproj/LaunchScreen.storyboard; sourceTree = "<group>"; };
		F84F681F2A5C105100D2F650 /* Info.plist */ = {isa = PBXFileReference; lastKnownFileType = text.plist.xml; path = Info.plist; sourceTree = "<group>"; };
		F89EAB0C2A5C60E700E8642C /* WelcomeViewController.swift */ = {isa = PBXFileReference; lastKnownFileType = sourcecode.swift; path = WelcomeViewController.swift; sourceTree = "<group>"; };
		F89EAB0E2A5C67EC00E8642C /* alert.swift */ = {isa = PBXFileReference; lastKnownFileType = sourcecode.swift; path = alert.swift; sourceTree = "<group>"; };
		F89EAB132A5D0CA000E8642C /* updateTextField.swift */ = {isa = PBXFileReference; lastKnownFileType = sourcecode.swift; path = updateTextField.swift; sourceTree = "<group>"; };
/* End PBXFileReference section */

/* Begin PBXFrameworksBuildPhase section */
		F84F680B2A5C105000D2F650 /* Frameworks */ = {
			isa = PBXFrameworksBuildPhase;
			buildActionMask = 2147483647;
			files = (
			);
			runOnlyForDeploymentPostprocessing = 0;
		};
/* End PBXFrameworksBuildPhase section */

/* Begin PBXGroup section */
		F84F68052A5C105000D2F650 = {
			isa = PBXGroup;
			children = (
				F84F68102A5C105000D2F650 /* LogInDesign */,
				F84F680F2A5C105000D2F650 /* Products */,
			);
			sourceTree = "<group>";
		};
		F84F680F2A5C105000D2F650 /* Products */ = {
			isa = PBXGroup;
			children = (
				F84F680E2A5C105000D2F650 /* LogInDesign.app */,
			);
			name = Products;
			sourceTree = "<group>";
		};
		F84F68102A5C105000D2F650 /* LogInDesign */ = {
			isa = PBXGroup;
			children = (
				F84F68112A5C105000D2F650 /* AppDelegate.swift */,
				F84F68132A5C105000D2F650 /* SceneDelegate.swift */,
				F89EAB122A5D0C8700E8642C /* Models */,
				F89EAB112A5D040700E8642C /* Controllers */,
				F89EAB102A5D03FC00E8642C /* Views */,
				F84F681A2A5C105100D2F650 /* Assets.xcassets */,
				F84F681C2A5C105100D2F650 /* LaunchScreen.storyboard */,
				F84F681F2A5C105100D2F650 /* Info.plist */,
			);
			path = LogInDesign;
			sourceTree = "<group>";
		};
		F89EAB102A5D03FC00E8642C /* Views */ = {
			isa = PBXGroup;
			children = (
				F84F68172A5C105000D2F650 /* Main.storyboard */,
			);
			path = Views;
			sourceTree = "<group>";
		};
		F89EAB112A5D040700E8642C /* Controllers */ = {
			isa = PBXGroup;
			children = (
				F84F68152A5C105000D2F650 /* ViewController.swift */,
				F89EAB0C2A5C60E700E8642C /* WelcomeViewController.swift */,
				F89EAB132A5D0CA000E8642C /* updateTextField.swift */,
				F89EAB0E2A5C67EC00E8642C /* alert.swift */,
			);
			path = Controllers;
			sourceTree = "<group>";
		};
		F89EAB122A5D0C8700E8642C /* Models */ = {
			isa = PBXGroup;
			children = (
			);
			path = Models;
			sourceTree = "<group>";
		};
/* End PBXGroup section */

/* Begin PBXNativeTarget section */
		F84F680D2A5C105000D2F650 /* LogInDesign */ = {
			isa = PBXNativeTarget;
			buildConfigurationList = F84F68222A5C105100D2F650 /* Build configuration list for PBXNativeTarget "LogInDesign" */;
			buildPhases = (
				F84F680A2A5C105000D2F650 /* Sources */,
				F84F680B2A5C105000D2F650 /* Frameworks */,
				F84F680C2A5C105000D2F650 /* Resources */,
			);
			buildRules = (
			);
			dependencies = (
			);
			name = LogInDesign;
			productName = LogInDesign;
			productReference = F84F680E2A5C105000D2F650 /* LogInDesign.app */;
			productType = "com.apple.product-type.application";
		};
/* End PBXNativeTarget section */

/* Begin PBXProject section */
		F84F68062A5C105000D2F650 /* Project object */ = {
			isa = PBXProject;
			attributes = {
				BuildIndependentTargetsInParallel = 1;
				LastSwiftUpdateCheck = 1340;
				LastUpgradeCheck = 1340;
				TargetAttributes = {
					F84F680D2A5C105000D2F650 = {
						CreatedOnToolsVersion = 13.4.1;
					};
				};
			};
			buildConfigurationList = F84F68092A5C105000D2F650 /* Build configuration list for PBXProject "LogInDesign" */;
			compatibilityVersion = "Xcode 13.0";
			developmentRegion = en;
			hasScannedForEncodings = 0;
			knownRegions = (
				en,
				Base,
			);
			mainGroup = F84F68052A5C105000D2F650;
			productRefGroup = F84F680F2A5C105000D2F650 /* Products */;
			projectDirPath = "";
			projectRoot = "";
			targets = (
				F84F680D2A5C105000D2F650 /* LogInDesign */,
			);
		};
/* End PBXProject section */

/* Begin PBXResourcesBuildPhase section */
		F84F680C2A5C105000D2F650 /* Resources */ = {
			isa = PBXResourcesBuildPhase;
			buildActionMask = 2147483647;
			files = (
				F84F681E2A5C105100D2F650 /* LaunchScreen.storyboard in Resources */,
				F84F681B2A5C105100D2F650 /* Assets.xcassets in Resources */,
				F84F68192A5C105000D2F650 /* Main.storyboard in Resources */,
			);
			runOnlyForDeploymentPostprocessing = 0;
		};
/* End PBXResourcesBuildPhase section */

/* Begin PBXSourcesBuildPhase section */
		F84F680A2A5C105000D2F650 /* Sources */ = {
			isa = PBXSourcesBuildPhase;
			buildActionMask = 2147483647;
			files = (
				F89EAB0F2A5C67EC00E8642C /* alert.swift in Sources */,
				F84F68162A5C105000D2F650 /* ViewController.swift in Sources */,
				F89EAB0D2A5C60E700E8642C /* WelcomeViewController.swift in Sources */,
				F84F68122A5C105000D2F650 /* AppDelegate.swift in Sources */,
				F89EAB142A5D0CA000E8642C /* updateTextField.swift in Sources */,
				F84F68142A5C105000D2F650 /* SceneDelegate.swift in Sources */,
			);
			runOnlyForDeploymentPostprocessing = 0;
		};
/* End PBXSourcesBuildPhase section */

/* Begin PBXVariantGroup section */
		F84F68172A5C105000D2F650 /* Main.storyboard */ = {
			isa = PBXVariantGroup;
			children = (
				F84F68182A5C105000D2F650 /* Base */,
			);
			name = Main.storyboard;
			sourceTree = "<group>";
		};
		F84F681C2A5C105100D2F650 /* LaunchScreen.storyboard */ = {
			isa = PBXVariantGroup;
			children = (
				F84F681D2A5C105100D2F650 /* Base */,
			);
			name = LaunchScreen.storyboard;
			sourceTree = "<group>";
		};
/* End PBXVariantGroup section */

/* Begin XCBuildConfiguration section */
		F84F68202A5C105100D2F650 /* Debug */ = {
			isa = XCBuildConfiguration;
			buildSettings = {
				ALWAYS_SEARCH_USER_PATHS = NO;
				CLANG_ANALYZER_NONNULL = YES;
				CLANG_ANALYZER_NUMBER_OBJECT_CONVERSION = YES_AGGRESSIVE;
				CLANG_CXX_LANGUAGE_STANDARD = "gnu++17";
				CLANG_ENABLE_MODULES = YES;
				CLANG_ENABLE_OBJC_ARC = YES;
				CLANG_ENABLE_OBJC_WEAK = YES;
				CLANG_WARN_BLOCK_CAPTURE_AUTORELEASING = YES;
				CLANG_WARN_BOOL_CONVERSION = YES;
				CLANG_WARN_COMMA = YES;
				CLANG_WARN_CONSTANT_CONVERSION = YES;
				CLANG_WARN_DEPRECATED_OBJC_IMPLEMENTATIONS = YES;
				CLANG_WARN_DIRECT_OBJC_ISA_USAGE = YES_ERROR;
				CLANG_WARN_DOCUMENTATION_COMMENTS = YES;
				CLANG_WARN_EMPTY_BODY = YES;
				CLANG_WARN_ENUM_CONVERSION = YES;
				CLANG_WARN_INFINITE_RECURSION = YES;
				CLANG_WARN_INT_CONVERSION = YES;
				CLANG_WARN_NON_LITERAL_NULL_CONVERSION = YES;
				CLANG_WARN_OBJC_IMPLICIT_RETAIN_SELF = YES;
				CLANG_WARN_OBJC_LITERAL_CONVERSION = YES;
				CLANG_WARN_OBJC_ROOT_CLASS = YES_ERROR;
				CLANG_WARN_QUOTED_INCLUDE_IN_FRAMEWORK_HEADER = YES;
				CLANG_WARN_RANGE_LOOP_ANALYSIS = YES;
				CLANG_WARN_STRICT_PROTOTYPES = YES;
				CLANG_WARN_SUSPICIOUS_MOVE = YES;
				CLANG_WARN_UNGUARDED_AVAILABILITY = YES_AGGRESSIVE;
				CLANG_WARN_UNREACHABLE_CODE = YES;
				CLANG_WARN__DUPLICATE_METHOD_MATCH = YES;
				COPY_PHASE_STRIP = NO;
				DEBUG_INFORMATION_FORMAT = dwarf;
				ENABLE_STRICT_OBJC_MSGSEND = YES;
				ENABLE_TESTABILITY = YES;
				GCC_C_LANGUAGE_STANDARD = gnu11;
				GCC_DYNAMIC_NO_PIC = NO;
				GCC_NO_COMMON_BLOCKS = YES;
				GCC_OPTIMIZATION_LEVEL = 0;
				GCC_PREPROCESSOR_DEFINITIONS = (
					"DEBUG=1",
					"$(inherited)",
				);
				GCC_WARN_64_TO_32_BIT_CONVERSION = YES;
				GCC_WARN_ABOUT_RETURN_TYPE = YES_ERROR;
				GCC_WARN_UNDECLARED_SELECTOR = YES;
				GCC_WARN_UNINITIALIZED_AUTOS = YES_AGGRESSIVE;
				GCC_WARN_UNUSED_FUNCTION = YES;
				GCC_WARN_UNUSED_VARIABLE = YES;
				IPHONEOS_DEPLOYMENT_TARGET = 15.5;
				MTL_ENABLE_DEBUG_INFO = INCLUDE_SOURCE;
				MTL_FAST_MATH = YES;
				ONLY_ACTIVE_ARCH = YES;
				SDKROOT = iphoneos;
				SWIFT_ACTIVE_COMPILATION_CONDITIONS = DEBUG;
				SWIFT_OPTIMIZATION_LEVEL = "-Onone";
			};
			name = Debug;
		};
		F84F68212A5C105100D2F650 /* Release */ = {
			isa = XCBuildConfiguration;
			buildSettings = {
				ALWAYS_SEARCH_USER_PATHS = NO;
				CLANG_ANALYZER_NONNULL = YES;
				CLANG_ANALYZER_NUMBER_OBJECT_CONVERSION = YES_AGGRESSIVE;
				CLANG_CXX_LANGUAGE_STANDARD = "gnu++17";
				CLANG_ENABLE_MODULES = YES;
				CLANG_ENABLE_OBJC_ARC = YES;
				CLANG_ENABLE_OBJC_WEAK = YES;
				CLANG_WARN_BLOCK_CAPTURE_AUTORELEASING = YES;
				CLANG_WARN_BOOL_CONVERSION = YES;
				CLANG_WARN_COMMA = YES;
				CLANG_WARN_CONSTANT_CONVERSION = YES;
				CLANG_WARN_DEPRECATED_OBJC_IMPLEMENTATIONS = YES;
				CLANG_WARN_DIRECT_OBJC_ISA_USAGE = YES_ERROR;
				CLANG_WARN_DOCUMENTATION_COMMENTS = YES;
				CLANG_WARN_EMPTY_BODY = YES;
				CLANG_WARN_ENUM_CONVERSION = YES;
				CLANG_WARN_INFINITE_RECURSION = YES;
				CLANG_WARN_INT_CONVERSION = YES;
				CLANG_WARN_NON_LITERAL_NULL_CONVERSION = YES;
				CLANG_WARN_OBJC_IMPLICIT_RETAIN_SELF = YES;
				CLANG_WARN_OBJC_LITERAL_CONVERSION = YES;
				CLANG_WARN_OBJC_ROOT_CLASS = YES_ERROR;
				CLANG_WARN_QUOTED_INCLUDE_IN_FRAMEWORK_HEADER = YES;
				CLANG_WARN_RANGE_LOOP_ANALYSIS = YES;
				CLANG_WARN_STRICT_PROTOTYPES = YES;
				CLANG_WARN_SUSPICIOUS_MOVE = YES;
				CLANG_WARN_UNGUARDED_AVAILABILITY = YES_AGGRESSIVE;
				CLANG_WARN_UNREACHABLE_CODE = YES;
				CLANG_WARN__DUPLICATE_METHOD_MATCH = YES;
				COPY_PHASE_STRIP = NO;
				DEBUG_INFORMATION_FORMAT = "dwarf-with-dsym";
				ENABLE_NS_ASSERTIONS = NO;
				ENABLE_STRICT_OBJC_MSGSEND = YES;
				GCC_C_LANGUAGE_STANDARD = gnu11;
				GCC_NO_COMMON_BLOCKS = YES;
				GCC_WARN_64_TO_32_BIT_CONVERSION = YES;
				GCC_WARN_ABOUT_RETURN_TYPE = YES_ERROR;
				GCC_WARN_UNDECLARED_SELECTOR = YES;
				GCC_WARN_UNINITIALIZED_AUTOS = YES_AGGRESSIVE;
				GCC_WARN_UNUSED_FUNCTION = YES;
				GCC_WARN_UNUSED_VARIABLE = YES;
				IPHONEOS_DEPLOYMENT_TARGET = 15.5;
				MTL_ENABLE_DEBUG_INFO = NO;
				MTL_FAST_MATH = YES;
				SDKROOT = iphoneos;
				SWIFT_COMPILATION_MODE = wholemodule;
				SWIFT_OPTIMIZATION_LEVEL = "-O";
				VALIDATE_PRODUCT = YES;
			};
			name = Release;
		};
		F84F68232A5C105100D2F650 /* Debug */ = {
			isa = XCBuildConfiguration;
			buildSettings = {
				ASSETCATALOG_COMPILER_APPICON_NAME = AppIcon;
				ASSETCATALOG_COMPILER_GLOBAL_ACCENT_COLOR_NAME = AccentColor;
				CODE_SIGN_STYLE = Automatic;
				CURRENT_PROJECT_VERSION = 1;
				DEVELOPMENT_TEAM = VLTRC7L6R5;
				GENERATE_INFOPLIST_FILE = YES;
				INFOPLIST_FILE = LogInDesign/Info.plist;
				INFOPLIST_KEY_UIApplicationSupportsIndirectInputEvents = YES;
				INFOPLIST_KEY_UILaunchStoryboardName = LaunchScreen;
				INFOPLIST_KEY_UIMainStoryboardFile = Main;
				INFOPLIST_KEY_UISupportedInterfaceOrientations_iPad = "UIInterfaceOrientationPortrait UIInterfaceOrientationPortraitUpsideDown UIInterfaceOrientationLandscapeLeft UIInterfaceOrientationLandscapeRight";
				INFOPLIST_KEY_UISupportedInterfaceOrientations_iPhone = "UIInterfaceOrientationPortrait UIInterfaceOrientationLandscapeLeft UIInterfaceOrientationLandscapeRight";
				LD_RUNPATH_SEARCH_PATHS = (
					"$(inherited)",
					"@executable_path/Frameworks",
				);
				MARKETING_VERSION = 1.0;
				PRODUCT_BUNDLE_IDENTIFIER = yun.LogInDesign;
				PRODUCT_NAME = "$(TARGET_NAME)";
				SWIFT_EMIT_LOC_STRINGS = YES;
				SWIFT_VERSION = 5.0;
				TARGETED_DEVICE_FAMILY = "1,2";
			};
			name = Debug;
		};
		F84F68242A5C105100D2F650 /* Release */ = {
			isa = XCBuildConfiguration;
			buildSettings = {
				ASSETCATALOG_COMPILER_APPICON_NAME = AppIcon;
				ASSETCATALOG_COMPILER_GLOBAL_ACCENT_COLOR_NAME = AccentColor;
				CODE_SIGN_STYLE = Automatic;
				CURRENT_PROJECT_VERSION = 1;
				DEVELOPMENT_TEAM = VLTRC7L6R5;
				GENERATE_INFOPLIST_FILE = YES;
				INFOPLIST_FILE = LogInDesign/Info.plist;
				INFOPLIST_KEY_UIApplicationSupportsIndirectInputEvents = YES;
				INFOPLIST_KEY_UILaunchStoryboardName = LaunchScreen;
				INFOPLIST_KEY_UIMainStoryboardFile = Main;
				INFOPLIST_KEY_UISupportedInterfaceOrientations_iPad = "UIInterfaceOrientationPortrait UIInterfaceOrientationPortraitUpsideDown UIInterfaceOrientationLandscapeLeft UIInterfaceOrientationLandscapeRight";
				INFOPLIST_KEY_UISupportedInterfaceOrientations_iPhone = "UIInterfaceOrientationPortrait UIInterfaceOrientationLandscapeLeft UIInterfaceOrientationLandscapeRight";
				LD_RUNPATH_SEARCH_PATHS = (
					"$(inherited)",
					"@executable_path/Frameworks",
				);
				MARKETING_VERSION = 1.0;
				PRODUCT_BUNDLE_IDENTIFIER = yun.LogInDesign;
				PRODUCT_NAME = "$(TARGET_NAME)";
				SWIFT_EMIT_LOC_STRINGS = YES;
				SWIFT_VERSION = 5.0;
				TARGETED_DEVICE_FAMILY = "1,2";
			};
			name = Release;
		};
/* End XCBuildConfiguration section */

/* Begin XCConfigurationList section */
		F84F68092A5C105000D2F650 /* Build configuration list for PBXProject "LogInDesign" */ = {
			isa = XCConfigurationList;
			buildConfigurations = (
				F84F68202A5C105100D2F650 /* Debug */,
				F84F68212A5C105100D2F650 /* Release */,
			);
			defaultConfigurationIsVisible = 0;
			defaultConfigurationName = Release;
		};
		F84F68222A5C105100D2F650 /* Build configuration list for PBXNativeTarget "LogInDesign" */ = {
			isa = XCConfigurationList;
			buildConfigurations = (
				F84F68232A5C105100D2F650 /* Debug */,
				F84F68242A5C105100D2F650 /* Release */,
			);
			defaultConfigurationIsVisible = 0;
			defaultConfigurationName = Release;
		};
/* End XCConfigurationList section */
	};
	rootObject = F84F68062A5C105000D2F650 /* Project object */;
}
